// !$*UTF8*$!
{
	archiveVersion = 1;
	classes = {
	};
	objectVersion = 50;
	objects = {

/* Begin PBXBuildFile section */
		FA4228B32551A6DF003CD327 /* AppDelegate.swift in Sources */ = {isa = PBXBuildFile; fileRef = FA4228B22551A6DF003CD327 /* AppDelegate.swift */; };
		FA4228B52551A6DF003CD327 /* SceneDelegate.swift in Sources */ = {isa = PBXBuildFile; fileRef = FA4228B42551A6DF003CD327 /* SceneDelegate.swift */; };
		FA4228BA2551A6DF003CD327 /* Main.storyboard in Resources */ = {isa = PBXBuildFile; fileRef = FA4228B82551A6DF003CD327 /* Main.storyboard */; };
		FA4228BC2551A6E2003CD327 /* Assets.xcassets in Resources */ = {isa = PBXBuildFile; fileRef = FA4228BB2551A6E2003CD327 /* Assets.xcassets */; };
		FA4228BF2551A6E2003CD327 /* LaunchScreen.storyboard in Resources */ = {isa = PBXBuildFile; fileRef = FA4228BD2551A6E2003CD327 /* LaunchScreen.storyboard */; };
		FA4228CC2551B0BE003CD327 /* LogInViewController.swift in Sources */ = {isa = PBXBuildFile; fileRef = FA4228CB2551B0BE003CD327 /* LogInViewController.swift */; };
		FA4228CF2551B3CA003CD327 /* CreateQuiz.storyboard in Resources */ = {isa = PBXBuildFile; fileRef = FA4228CE2551B3CA003CD327 /* CreateQuiz.storyboard */; };
		FA4228D42551B450003CD327 /* StartNewQuizViewController.swift in Sources */ = {isa = PBXBuildFile; fileRef = FA4228D32551B450003CD327 /* StartNewQuizViewController.swift */; };
		FA4228D72551C2F4003CD327 /* Home.storyboard in Resources */ = {isa = PBXBuildFile; fileRef = FA4228D62551C2F4003CD327 /* Home.storyboard */; };
		FA4228DB2551C31E003CD327 /* HomeViewController.swift in Sources */ = {isa = PBXBuildFile; fileRef = FA4228DA2551C31E003CD327 /* HomeViewController.swift */; };
		FA4228E22551C59C003CD327 /* User.swift in Sources */ = {isa = PBXBuildFile; fileRef = FA4228E12551C59C003CD327 /* User.swift */; };
		FA4228E52551C63C003CD327 /* Quiz.swift in Sources */ = {isa = PBXBuildFile; fileRef = FA4228E42551C63C003CD327 /* Quiz.swift */; };
		FA4228E82551C6C5003CD327 /* Quote.swift in Sources */ = {isa = PBXBuildFile; fileRef = FA4228E72551C6C5003CD327 /* Quote.swift */; };
/* End PBXBuildFile section */

/* Begin PBXFileReference section */
		FA4228AF2551A6DF003CD327 /* Know the Quote.app */ = {isa = PBXFileReference; explicitFileType = wrapper.application; includeInIndex = 0; path = "Know the Quote.app"; sourceTree = BUILT_PRODUCTS_DIR; };
		FA4228B22551A6DF003CD327 /* AppDelegate.swift */ = {isa = PBXFileReference; lastKnownFileType = sourcecode.swift; path = AppDelegate.swift; sourceTree = "<group>"; };
		FA4228B42551A6DF003CD327 /* SceneDelegate.swift */ = {isa = PBXFileReference; lastKnownFileType = sourcecode.swift; path = SceneDelegate.swift; sourceTree = "<group>"; };
		FA4228B92551A6DF003CD327 /* Base */ = {isa = PBXFileReference; lastKnownFileType = file.storyboard; name = Base; path = Base.lproj/Main.storyboard; sourceTree = "<group>"; };
		FA4228BB2551A6E2003CD327 /* Assets.xcassets */ = {isa = PBXFileReference; lastKnownFileType = folder.assetcatalog; path = Assets.xcassets; sourceTree = "<group>"; };
		FA4228BE2551A6E2003CD327 /* Base */ = {isa = PBXFileReference; lastKnownFileType = file.storyboard; name = Base; path = Base.lproj/LaunchScreen.storyboard; sourceTree = "<group>"; };
		FA4228C02551A6E2003CD327 /* Info.plist */ = {isa = PBXFileReference; lastKnownFileType = text.plist.xml; path = Info.plist; sourceTree = "<group>"; };
		FA4228CB2551B0BE003CD327 /* LogInViewController.swift */ = {isa = PBXFileReference; lastKnownFileType = sourcecode.swift; path = LogInViewController.swift; sourceTree = "<group>"; };
		FA4228CE2551B3CA003CD327 /* CreateQuiz.storyboard */ = {isa = PBXFileReference; lastKnownFileType = file.storyboard; path = CreateQuiz.storyboard; sourceTree = "<group>"; };
		FA4228D32551B450003CD327 /* StartNewQuizViewController.swift */ = {isa = PBXFileReference; lastKnownFileType = sourcecode.swift; path = StartNewQuizViewController.swift; sourceTree = "<group>"; };
		FA4228D62551C2F4003CD327 /* Home.storyboard */ = {isa = PBXFileReference; lastKnownFileType = file.storyboard; path = Home.storyboard; sourceTree = "<group>"; };
		FA4228DA2551C31E003CD327 /* HomeViewController.swift */ = {isa = PBXFileReference; lastKnownFileType = sourcecode.swift; path = HomeViewController.swift; sourceTree = "<group>"; };
		FA4228E12551C59C003CD327 /* User.swift */ = {isa = PBXFileReference; lastKnownFileType = sourcecode.swift; path = User.swift; sourceTree = "<group>"; };
		FA4228E42551C63C003CD327 /* Quiz.swift */ = {isa = PBXFileReference; lastKnownFileType = sourcecode.swift; path = Quiz.swift; sourceTree = "<group>"; };
		FA4228E72551C6C5003CD327 /* Quote.swift */ = {isa = PBXFileReference; lastKnownFileType = sourcecode.swift; path = Quote.swift; sourceTree = "<group>"; };
/* End PBXFileReference section */

/* Begin PBXFrameworksBuildPhase section */
		FA4228AC2551A6DF003CD327 /* Frameworks */ = {
			isa = PBXFrameworksBuildPhase;
			buildActionMask = 2147483647;
			files = (
			);
			runOnlyForDeploymentPostprocessing = 0;
		};
/* End PBXFrameworksBuildPhase section */

/* Begin PBXGroup section */
		FA4228A62551A6DF003CD327 = {
			isa = PBXGroup;
			children = (
				FA4228C72551A6ED003CD327 /* Storyboards */,
				FA4228C82551A6F3003CD327 /* View Controllers */,
				FA4228E02551C584003CD327 /* Models */,
				FA4228B12551A6DF003CD327 /* Know the Quote */,
				FA4228B02551A6DF003CD327 /* Products */,
			);
			sourceTree = "<group>";
		};
		FA4228B02551A6DF003CD327 /* Products */ = {
			isa = PBXGroup;
			children = (
				FA4228AF2551A6DF003CD327 /* Know the Quote.app */,
			);
			name = Products;
			sourceTree = "<group>";
		};
		FA4228B12551A6DF003CD327 /* Know the Quote */ = {
			isa = PBXGroup;
			children = (
				FA4228B22551A6DF003CD327 /* AppDelegate.swift */,
				FA4228B42551A6DF003CD327 /* SceneDelegate.swift */,
				FA4228BB2551A6E2003CD327 /* Assets.xcassets */,
				FA4228C02551A6E2003CD327 /* Info.plist */,
			);
			path = "Know the Quote";
			sourceTree = "<group>";
		};
		FA4228C72551A6ED003CD327 /* Storyboards */ = {
			isa = PBXGroup;
			children = (
				FA4228B82551A6DF003CD327 /* Main.storyboard */,
				FA4228BD2551A6E2003CD327 /* LaunchScreen.storyboard */,
				FA4228CE2551B3CA003CD327 /* CreateQuiz.storyboard */,
				FA4228D62551C2F4003CD327 /* Home.storyboard */,
			);
			path = Storyboards;
			sourceTree = "<group>";
		};
		FA4228C82551A6F3003CD327 /* View Controllers */ = {
			isa = PBXGroup;
			children = (
				FA4228DE2551C53E003CD327 /* Main SB */,
				FA4228D92551C304003CD327 /* Home SB */,
				FA4228D12551B3E1003CD327 /* CreateQuiz SB */,
			);
			path = "View Controllers";
			sourceTree = "<group>";
		};
		FA4228D12551B3E1003CD327 /* CreateQuiz SB */ = {
			isa = PBXGroup;
			children = (
				FA4228D32551B450003CD327 /* StartNewQuizViewController.swift */,
			);
			path = "CreateQuiz SB";
			sourceTree = "<group>";
		};
		FA4228D92551C304003CD327 /* Home SB */ = {
			isa = PBXGroup;
			children = (
				FA4228DA2551C31E003CD327 /* HomeViewController.swift */,
			);
			path = "Home SB";
			sourceTree = "<group>";
		};
		FA4228DE2551C53E003CD327 /* Main SB */ = {
			isa = PBXGroup;
			children = (
				FA4228CB2551B0BE003CD327 /* LogInViewController.swift */,
			);
			path = "Main SB";
			sourceTree = "<group>";
		};
		FA4228E02551C584003CD327 /* Models */ = {
			isa = PBXGroup;
			children = (
				FA4228E12551C59C003CD327 /* User.swift */,
				FA4228E42551C63C003CD327 /* Quiz.swift */,
				FA4228E72551C6C5003CD327 /* Quote.swift */,
			);
			path = Models;
			sourceTree = "<group>";
		};
/* End PBXGroup section */

/* Begin PBXNativeTarget section */
		FA4228AE2551A6DF003CD327 /* Know the Quote */ = {
			isa = PBXNativeTarget;
			buildConfigurationList = FA4228C32551A6E2003CD327 /* Build configuration list for PBXNativeTarget "Know the Quote" */;
			buildPhases = (
				FA4228AB2551A6DF003CD327 /* Sources */,
				FA4228AC2551A6DF003CD327 /* Frameworks */,
				FA4228AD2551A6DF003CD327 /* Resources */,
			);
			buildRules = (
			);
			dependencies = (
			);
			name = "Know the Quote";
			productName = "Know the Quote";
			productReference = FA4228AF2551A6DF003CD327 /* Know the Quote.app */;
			productType = "com.apple.product-type.application";
		};
/* End PBXNativeTarget section */

/* Begin PBXProject section */
		FA4228A72551A6DF003CD327 /* Project object */ = {
			isa = PBXProject;
			attributes = {
				LastSwiftUpdateCheck = 1210;
				LastUpgradeCheck = 1210;
				TargetAttributes = {
					FA4228AE2551A6DF003CD327 = {
						CreatedOnToolsVersion = 12.1;
					};
				};
			};
			buildConfigurationList = FA4228AA2551A6DF003CD327 /* Build configuration list for PBXProject "Know the Quote" */;
			compatibilityVersion = "Xcode 9.3";
			developmentRegion = en;
			hasScannedForEncodings = 0;
			knownRegions = (
				en,
				Base,
			);
			mainGroup = FA4228A62551A6DF003CD327;
			productRefGroup = FA4228B02551A6DF003CD327 /* Products */;
			projectDirPath = "";
			projectRoot = "";
			targets = (
				FA4228AE2551A6DF003CD327 /* Know the Quote */,
			);
		};
/* End PBXProject section */

/* Begin PBXResourcesBuildPhase section */
		FA4228AD2551A6DF003CD327 /* Resources */ = {
			isa = PBXResourcesBuildPhase;
			buildActionMask = 2147483647;
			files = (
				FA4228BF2551A6E2003CD327 /* LaunchScreen.storyboard in Resources */,
				FA4228D72551C2F4003CD327 /* Home.storyboard in Resources */,
				FA4228CF2551B3CA003CD327 /* CreateQuiz.storyboard in Resources */,
				FA4228BC2551A6E2003CD327 /* Assets.xcassets in Resources */,
				FA4228BA2551A6DF003CD327 /* Main.storyboard in Resources */,
			);
			runOnlyForDeploymentPostprocessing = 0;
		};
/* End PBXResourcesBuildPhase section */

/* Begin PBXSourcesBuildPhase section */
		FA4228AB2551A6DF003CD327 /* Sources */ = {
			isa = PBXSourcesBuildPhase;
			buildActionMask = 2147483647;
			files = (
				FA4228DB2551C31E003CD327 /* HomeViewController.swift in Sources */,
				FA4228B32551A6DF003CD327 /* AppDelegate.swift in Sources */,
				FA4228E52551C63C003CD327 /* Quiz.swift in Sources */,
				FA4228E22551C59C003CD327 /* User.swift in Sources */,
				FA4228E82551C6C5003CD327 /* Quote.swift in Sources */,
				FA4228B52551A6DF003CD327 /* SceneDelegate.swift in Sources */,
				FA4228D42551B450003CD327 /* StartNewQuizViewController.swift in Sources */,
				FA4228CC2551B0BE003CD327 /* LogInViewController.swift in Sources */,
			);
			runOnlyForDeploymentPostprocessing = 0;
		};
/* End PBXSourcesBuildPhase section */

/* Begin PBXVariantGroup section */
		FA4228B82551A6DF003CD327 /* Main.storyboard */ = {
			isa = PBXVariantGroup;
			children = (
				FA4228B92551A6DF003CD327 /* Base */,
			);
			name = Main.storyboard;
			sourceTree = "<group>";
		};
		FA4228BD2551A6E2003CD327 /* LaunchScreen.storyboard */ = {
			isa = PBXVariantGroup;
			children = (
				FA4228BE2551A6E2003CD327 /* Base */,
			);
			name = LaunchScreen.storyboard;
			sourceTree = "<group>";
		};
/* End PBXVariantGroup section */

/* Begin XCBuildConfiguration section */
		FA4228C12551A6E2003CD327 /* Debug */ = {
			isa = XCBuildConfiguration;
			buildSettings = {
				ALWAYS_SEARCH_USER_PATHS = NO;
				CLANG_ANALYZER_NONNULL = YES;
				CLANG_ANALYZER_NUMBER_OBJECT_CONVERSION = YES_AGGRESSIVE;
				CLANG_CXX_LANGUAGE_STANDARD = "gnu++14";
				CLANG_CXX_LIBRARY = "libc++";
				CLANG_ENABLE_MODULES = YES;
				CLANG_ENABLE_OBJC_ARC = YES;
				CLANG_ENABLE_OBJC_WEAK = YES;
				CLANG_WARN_BLOCK_CAPTURE_AUTORELEASING = YES;
				CLANG_WARN_BOOL_CONVERSION = YES;
				CLANG_WARN_COMMA = YES;
				CLANG_WARN_CONSTANT_CONVERSION = YES;
				CLANG_WARN_DEPRECATED_OBJC_IMPLEMENTATIONS = YES;
				CLANG_WARN_DIRECT_OBJC_ISA_USAGE = YES_ERROR;
				CLANG_WARN_DOCUMENTATION_COMMENTS = YES;
				CLANG_WARN_EMPTY_BODY = YES;
				CLANG_WARN_ENUM_CONVERSION = YES;
				CLANG_WARN_INFINITE_RECURSION = YES;
				CLANG_WARN_INT_CONVERSION = YES;
				CLANG_WARN_NON_LITERAL_NULL_CONVERSION = YES;
				CLANG_WARN_OBJC_IMPLICIT_RETAIN_SELF = YES;
				CLANG_WARN_OBJC_LITERAL_CONVERSION = YES;
				CLANG_WARN_OBJC_ROOT_CLASS = YES_ERROR;
				CLANG_WARN_QUOTED_INCLUDE_IN_FRAMEWORK_HEADER = YES;
				CLANG_WARN_RANGE_LOOP_ANALYSIS = YES;
				CLANG_WARN_STRICT_PROTOTYPES = YES;
				CLANG_WARN_SUSPICIOUS_MOVE = YES;
				CLANG_WARN_UNGUARDED_AVAILABILITY = YES_AGGRESSIVE;
				CLANG_WARN_UNREACHABLE_CODE = YES;
				CLANG_WARN__DUPLICATE_METHOD_MATCH = YES;
				COPY_PHASE_STRIP = NO;
				DEBUG_INFORMATION_FORMAT = dwarf;
				ENABLE_STRICT_OBJC_MSGSEND = YES;
				ENABLE_TESTABILITY = YES;
				GCC_C_LANGUAGE_STANDARD = gnu11;
				GCC_DYNAMIC_NO_PIC = NO;
				GCC_NO_COMMON_BLOCKS = YES;
				GCC_OPTIMIZATION_LEVEL = 0;
				GCC_PREPROCESSOR_DEFINITIONS = (
					"DEBUG=1",
					"$(inherited)",
				);
				GCC_WARN_64_TO_32_BIT_CONVERSION = YES;
				GCC_WARN_ABOUT_RETURN_TYPE = YES_ERROR;
				GCC_WARN_UNDECLARED_SELECTOR = YES;
				GCC_WARN_UNINITIALIZED_AUTOS = YES_AGGRESSIVE;
				GCC_WARN_UNUSED_FUNCTION = YES;
				GCC_WARN_UNUSED_VARIABLE = YES;
				IPHONEOS_DEPLOYMENT_TARGET = 14.1;
				MTL_ENABLE_DEBUG_INFO = INCLUDE_SOURCE;
				MTL_FAST_MATH = YES;
				ONLY_ACTIVE_ARCH = YES;
				SDKROOT = iphoneos;
				SWIFT_ACTIVE_COMPILATION_CONDITIONS = DEBUG;
				SWIFT_OPTIMIZATION_LEVEL = "-Onone";
			};
			name = Debug;
		};
		FA4228C22551A6E2003CD327 /* Release */ = {
			isa = XCBuildConfiguration;
			buildSettings = {
				ALWAYS_SEARCH_USER_PATHS = NO;
				CLANG_ANALYZER_NONNULL = YES;
				CLANG_ANALYZER_NUMBER_OBJECT_CONVERSION = YES_AGGRESSIVE;
				CLANG_CXX_LANGUAGE_STANDARD = "gnu++14";
				CLANG_CXX_LIBRARY = "libc++";
				CLANG_ENABLE_MODULES = YES;
				CLANG_ENABLE_OBJC_ARC = YES;
				CLANG_ENABLE_OBJC_WEAK = YES;
				CLANG_WARN_BLOCK_CAPTURE_AUTORELEASING = YES;
				CLANG_WARN_BOOL_CONVERSION = YES;
				CLANG_WARN_COMMA = YES;
				CLANG_WARN_CONSTANT_CONVERSION = YES;
				CLANG_WARN_DEPRECATED_OBJC_IMPLEMENTATIONS = YES;
				CLANG_WARN_DIRECT_OBJC_ISA_USAGE = YES_ERROR;
				CLANG_WARN_DOCUMENTATION_COMMENTS = YES;
				CLANG_WARN_EMPTY_BODY = YES;
				CLANG_WARN_ENUM_CONVERSION = YES;
				CLANG_WARN_INFINITE_RECURSION = YES;
				CLANG_WARN_INT_CONVERSION = YES;
				CLANG_WARN_NON_LITERAL_NULL_CONVERSION = YES;
				CLANG_WARN_OBJC_IMPLICIT_RETAIN_SELF = YES;
				CLANG_WARN_OBJC_LITERAL_CONVERSION = YES;
				CLANG_WARN_OBJC_ROOT_CLASS = YES_ERROR;
				CLANG_WARN_QUOTED_INCLUDE_IN_FRAMEWORK_HEADER = YES;
				CLANG_WARN_RANGE_LOOP_ANALYSIS = YES;
				CLANG_WARN_STRICT_PROTOTYPES = YES;
				CLANG_WARN_SUSPICIOUS_MOVE = YES;
				CLANG_WARN_UNGUARDED_AVAILABILITY = YES_AGGRESSIVE;
				CLANG_WARN_UNREACHABLE_CODE = YES;
				CLANG_WARN__DUPLICATE_METHOD_MATCH = YES;
				COPY_PHASE_STRIP = NO;
				DEBUG_INFORMATION_FORMAT = "dwarf-with-dsym";
				ENABLE_NS_ASSERTIONS = NO;
				ENABLE_STRICT_OBJC_MSGSEND = YES;
				GCC_C_LANGUAGE_STANDARD = gnu11;
				GCC_NO_COMMON_BLOCKS = YES;
				GCC_WARN_64_TO_32_BIT_CONVERSION = YES;
				GCC_WARN_ABOUT_RETURN_TYPE = YES_ERROR;
				GCC_WARN_UNDECLARED_SELECTOR = YES;
				GCC_WARN_UNINITIALIZED_AUTOS = YES_AGGRESSIVE;
				GCC_WARN_UNUSED_FUNCTION = YES;
				GCC_WARN_UNUSED_VARIABLE = YES;
				IPHONEOS_DEPLOYMENT_TARGET = 14.1;
				MTL_ENABLE_DEBUG_INFO = NO;
				MTL_FAST_MATH = YES;
				SDKROOT = iphoneos;
				SWIFT_COMPILATION_MODE = wholemodule;
				SWIFT_OPTIMIZATION_LEVEL = "-O";
				VALIDATE_PRODUCT = YES;
			};
			name = Release;
		};
		FA4228C42551A6E2003CD327 /* Debug */ = {
			isa = XCBuildConfiguration;
			buildSettings = {
				ASSETCATALOG_COMPILER_APPICON_NAME = AppIcon;
				ASSETCATALOG_COMPILER_GLOBAL_ACCENT_COLOR_NAME = AccentColor;
				CODE_SIGN_STYLE = Automatic;
				DEVELOPMENT_TEAM = YQ69KMC87V;
				INFOPLIST_FILE = "Know the Quote/Info.plist";
				LD_RUNPATH_SEARCH_PATHS = (
					"$(inherited)",
					"@executable_path/Frameworks",
				);
				PRODUCT_BUNDLE_IDENTIFIER = "com.wilmarodriguez.Know-the-Quote";
				PRODUCT_NAME = "$(TARGET_NAME)";
				SWIFT_VERSION = 5.0;
				TARGETED_DEVICE_FAMILY = "1,2";
			};
			name = Debug;
		};
		FA4228C52551A6E2003CD327 /* Release */ = {
			isa = XCBuildConfiguration;
			buildSettings = {
				ASSETCATALOG_COMPILER_APPICON_NAME = AppIcon;
				ASSETCATALOG_COMPILER_GLOBAL_ACCENT_COLOR_NAME = AccentColor;
				CODE_SIGN_STYLE = Automatic;
				DEVELOPMENT_TEAM = YQ69KMC87V;
				INFOPLIST_FILE = "Know the Quote/Info.plist";
				LD_RUNPATH_SEARCH_PATHS = (
					"$(inherited)",
					"@executable_path/Frameworks",
				);
				PRODUCT_BUNDLE_IDENTIFIER = "com.wilmarodriguez.Know-the-Quote";
				PRODUCT_NAME = "$(TARGET_NAME)";
				SWIFT_VERSION = 5.0;
				TARGETED_DEVICE_FAMILY = "1,2";
			};
			name = Release;
		};
/* End XCBuildConfiguration section */

/* Begin XCConfigurationList section */
		FA4228AA2551A6DF003CD327 /* Build configuration list for PBXProject "Know the Quote" */ = {
			isa = XCConfigurationList;
			buildConfigurations = (
				FA4228C12551A6E2003CD327 /* Debug */,
				FA4228C22551A6E2003CD327 /* Release */,
			);
			defaultConfigurationIsVisible = 0;
			defaultConfigurationName = Release;
		};
		FA4228C32551A6E2003CD327 /* Build configuration list for PBXNativeTarget "Know the Quote" */ = {
			isa = XCConfigurationList;
			buildConfigurations = (
				FA4228C42551A6E2003CD327 /* Debug */,
				FA4228C52551A6E2003CD327 /* Release */,
			);
			defaultConfigurationIsVisible = 0;
			defaultConfigurationName = Release;
		};
/* End XCConfigurationList section */
	};
	rootObject = FA4228A72551A6DF003CD327 /* Project object */;
}
